
Microsoft Visual Studio Solution File, Format Version 12.00
# Visual Studio Version 17
VisualStudioVersion = 17.13.35828.75 d17.13
MinimumVisualStudioVersion = 10.0.40219.1
Project("{FAE04EC0-301F-11D3-BF4B-00C04F79EFBC}") = "Data_Format", "Data_Format\Data_Format.csproj", "{F7DC2266-8936-462D-809D-08C97F645692}"
EndProject
Global
	GlobalSection(SolutionConfigurationPlatforms) = preSolution
		Debug|Any CPU = Debug|Any CPU
		Release|Any CPU = Release|Any CPU
	EndGlobalSection
	GlobalSection(ProjectConfigurationPlatforms) = postSolution
		{F7DC2266-8936-462D-809D-08C97F645692}.Debug|Any CPU.ActiveCfg = Debug|Any CPU
		{F7DC2266-8936-462D-809D-08C97F645692}.Debug|Any CPU.Build.0 = Debug|Any CPU
		{F7DC2266-8936-462D-809D-08C97F645692}.Release|Any CPU.ActiveCfg = Release|Any CPU
		{F7DC2266-8936-462D-809D-08C97F645692}.Release|Any CPU.Build.0 = Release|Any CPU
	EndGlobalSection
	GlobalSection(SolutionProperties) = preSolution
		HideSolutionNode = FALSE
	EndGlobalSection
	GlobalSection(ExtensibilityGlobals) = postSolution
		SolutionGuid = {7E8EA9C9-680B-48AF-B37A-89648201B3E0}
	EndGlobalSection
EndGlobal
