
Microsoft Visual Studio Solution File, Format Version 12.00
# Visual Studio Version 17
VisualStudioVersion = 17.13.35828.75 d17.13
MinimumVisualStudioVersion = 10.0.40219.1
Project("{FAE04EC0-301F-11D3-BF4B-00C04F79EFBC}") = "Flow_Control", "Flow_Control\Flow_Control.csproj", "{E3B73843-14AA-48F9-B335-EEC72385C56A}"
EndProject
Global
	GlobalSection(SolutionConfigurationPlatforms) = preSolution
		Debug|Any CPU = Debug|Any CPU
		Release|Any CPU = Release|Any CPU
	EndGlobalSection
	GlobalSection(ProjectConfigurationPlatforms) = postSolution
		{E3B73843-14AA-48F9-B335-EEC72385C56A}.Debug|Any CPU.ActiveCfg = Debug|Any CPU
		{E3B73843-14AA-48F9-B335-EEC72385C56A}.Debug|Any CPU.Build.0 = Debug|Any CPU
		{E3B73843-14AA-48F9-B335-EEC72385C56A}.Release|Any CPU.ActiveCfg = Release|Any CPU
		{E3B73843-14AA-48F9-B335-EEC72385C56A}.Release|Any CPU.Build.0 = Release|Any CPU
	EndGlobalSection
	GlobalSection(SolutionProperties) = preSolution
		HideSolutionNode = FALSE
	EndGlobalSection
	GlobalSection(ExtensibilityGlobals) = postSolution
		SolutionGuid = {6E27014E-FC30-458D-A53F-727BB3B61843}
	EndGlobalSection
EndGlobal
