
Microsoft Visual Studio Solution File, Format Version 12.00
# Visual Studio Version 17
VisualStudioVersion = 17.13.35828.75 d17.13
MinimumVisualStudioVersion = 10.0.40219.1
Project("{FAE04EC0-301F-11D3-BF4B-00C04F79EFBC}") = "constructor", "constructor\constructor.csproj", "{D04376A6-2380-41C3-AF38-6AA11204E414}"
EndProject
Global
	GlobalSection(SolutionConfigurationPlatforms) = preSolution
		Debug|Any CPU = Debug|Any CPU
		Release|Any CPU = Release|Any CPU
	EndGlobalSection
	GlobalSection(ProjectConfigurationPlatforms) = postSolution
		{D04376A6-2380-41C3-AF38-6AA11204E414}.Debug|Any CPU.ActiveCfg = Debug|Any CPU
		{D04376A6-2380-41C3-AF38-6AA11204E414}.Debug|Any CPU.Build.0 = Debug|Any CPU
		{D04376A6-2380-41C3-AF38-6AA11204E414}.Release|Any CPU.ActiveCfg = Release|Any CPU
		{D04376A6-2380-41C3-AF38-6AA11204E414}.Release|Any CPU.Build.0 = Release|Any CPU
	EndGlobalSection
	GlobalSection(SolutionProperties) = preSolution
		HideSolutionNode = FALSE
	EndGlobalSection
	GlobalSection(ExtensibilityGlobals) = postSolution
		SolutionGuid = {C3A7B94D-66E4-469E-8BB1-27DC33D4071F}
	EndGlobalSection
EndGlobal
