
Microsoft Visual Studio Solution File, Format Version 12.00
# Visual Studio Version 17
VisualStudioVersion = 17.13.35828.75 d17.13
MinimumVisualStudioVersion = 10.0.40219.1
Project("{FAE04EC0-301F-11D3-BF4B-00C04F79EFBC}") = "Array_Ex", "Array_Ex\Array_Ex.csproj", "{2B736B3F-5274-4874-BA00-B4BE3E375A38}"
EndProject
Global
	GlobalSection(SolutionConfigurationPlatforms) = preSolution
		Debug|Any CPU = Debug|Any CPU
		Release|Any CPU = Release|Any CPU
	EndGlobalSection
	GlobalSection(ProjectConfigurationPlatforms) = postSolution
		{2B736B3F-5274-4874-BA00-B4BE3E375A38}.Debug|Any CPU.ActiveCfg = Debug|Any CPU
		{2B736B3F-5274-4874-BA00-B4BE3E375A38}.Debug|Any CPU.Build.0 = Debug|Any CPU
		{2B736B3F-5274-4874-BA00-B4BE3E375A38}.Release|Any CPU.ActiveCfg = Release|Any CPU
		{2B736B3F-5274-4874-BA00-B4BE3E375A38}.Release|Any CPU.Build.0 = Release|Any CPU
	EndGlobalSection
	GlobalSection(SolutionProperties) = preSolution
		HideSolutionNode = FALSE
	EndGlobalSection
	GlobalSection(ExtensibilityGlobals) = postSolution
		SolutionGuid = {6BDDF4A0-1747-4305-A1BB-7C012B364FAB}
	EndGlobalSection
EndGlobal
