
Microsoft Visual Studio Solution File, Format Version 12.00
# Visual Studio Version 17
VisualStudioVersion = 17.13.35828.75 d17.13
MinimumVisualStudioVersion = 10.0.40219.1
Project("{FAE04EC0-301F-11D3-BF4B-00C04F79EFBC}") = "Multidimen-Array", "Multidimen-Array\Multidimen-Array.csproj", "{86D77538-B7AA-486E-B53C-EEE64778E74C}"
EndProject
Global
	GlobalSection(SolutionConfigurationPlatforms) = preSolution
		Debug|Any CPU = Debug|Any CPU
		Release|Any CPU = Release|Any CPU
	EndGlobalSection
	GlobalSection(ProjectConfigurationPlatforms) = postSolution
		{86D77538-B7AA-486E-B53C-EEE64778E74C}.Debug|Any CPU.ActiveCfg = Debug|Any CPU
		{86D77538-B7AA-486E-B53C-EEE64778E74C}.Debug|Any CPU.Build.0 = Debug|Any CPU
		{86D77538-B7AA-486E-B53C-EEE64778E74C}.Release|Any CPU.ActiveCfg = Release|Any CPU
		{86D77538-B7AA-486E-B53C-EEE64778E74C}.Release|Any CPU.Build.0 = Release|Any CPU
	EndGlobalSection
	GlobalSection(SolutionProperties) = preSolution
		HideSolutionNode = FALSE
	EndGlobalSection
	GlobalSection(ExtensibilityGlobals) = postSolution
		SolutionGuid = {14DDA867-A84A-4787-9B82-0BFFB47D2302}
	EndGlobalSection
EndGlobal
